
Microsoft Visual Studio Solution File, Format Version 12.00
# Visual Studio Version 16
VisualStudioVersion = 16.0.28803.202
MinimumVisualStudioVersion = 10.0.40219.1
Project("{8BC9CEB8-8B4A-11D0-8D11-00A0C91BC942}") = "lab06", "lab06.vcxproj", "{990222DE-BC3D-4CD1-9412-580D7E20264C}"
EndProject
Global
	GlobalSection(SolutionConfigurationPlatforms) = preSolution
		Debug|x64 = Debug|x64
		Debug|x86 = Debug|x86
		Release|x64 = Release|x64
		Release|x86 = Release|x86
	EndGlobalSection
	GlobalSection(ProjectConfigurationPlatforms) = postSolution
		{990222DE-BC3D-4CD1-9412-580D7E20264C}.Debug|x64.ActiveCfg = Debug|x64
		{990222DE-BC3D-4CD1-9412-580D7E20264C}.Debug|x64.Build.0 = Debug|x64
		{990222DE-BC3D-4CD1-9412-580D7E20264C}.Debug|x86.ActiveCfg = Debug|Win32
		{990222DE-BC3D-4CD1-9412-580D7E20264C}.Debug|x86.Build.0 = Debug|Win32
		{990222DE-BC3D-4CD1-9412-580D7E20264C}.Release|x64.ActiveCfg = Release|x64
		{990222DE-BC3D-4CD1-9412-580D7E20264C}.Release|x64.Build.0 = Release|x64
		{990222DE-BC3D-4CD1-9412-580D7E20264C}.Release|x86.ActiveCfg = Release|Win32
		{990222DE-BC3D-4CD1-9412-580D7E20264C}.Release|x86.Build.0 = Release|Win32
	EndGlobalSection
	GlobalSection(SolutionProperties) = preSolution
		HideSolutionNode = FALSE
	EndGlobalSection
	GlobalSection(ExtensibilityGlobals) = postSolution
		SolutionGuid = {7D5A12D7-330C-4B20-9C83-D600D60932DE}
	EndGlobalSection
EndGlobal
